
Microsoft Visual Studio Solution File, Format Version 12.00
# Visual Studio Version 16
VisualStudioVersion = 16.0.30114.105
MinimumVisualStudioVersion = 10.0.40219.1
Project("{FAE04EC0-301F-11D3-BF4B-00C04F79EFBC}") = "TestTaskWebApp1", "TestTaskWebApp1\TestTaskWebApp1.csproj", "{145DF576-29D0-4231-8F9A-DFD93B335541}"
EndProject
Global
	GlobalSection(SolutionConfigurationPlatforms) = preSolution
		Debug|Any CPU = Debug|Any CPU
		Release|Any CPU = Release|Any CPU
	EndGlobalSection
	GlobalSection(ProjectConfigurationPlatforms) = postSolution
		{145DF576-29D0-4231-8F9A-DFD93B335541}.Debug|Any CPU.ActiveCfg = Debug|Any CPU
		{145DF576-29D0-4231-8F9A-DFD93B335541}.Debug|Any CPU.Build.0 = Debug|Any CPU
		{145DF576-29D0-4231-8F9A-DFD93B335541}.Release|Any CPU.ActiveCfg = Release|Any CPU
		{145DF576-29D0-4231-8F9A-DFD93B335541}.Release|Any CPU.Build.0 = Release|Any CPU
	EndGlobalSection
	GlobalSection(SolutionProperties) = preSolution
		HideSolutionNode = FALSE
	EndGlobalSection
	GlobalSection(ExtensibilityGlobals) = postSolution
		SolutionGuid = {AFCF5FA6-8424-45AE-A659-549A3A4618BD}
	EndGlobalSection
EndGlobal
